
Microsoft Visual Studio Solution File, Format Version 12.00
# Visual Studio Version 17
VisualStudioVersion = 17.8.34525.116
MinimumVisualStudioVersion = 10.0.40219.1
Project("{F184B08F-C81C-45F6-A57F-5ABD9991F28F}") = "PrjTekstiPooraja", "PrjTekstiPooraja\PrjTekstiPooraja.vbproj", "{002DFB7C-6E84-4DC4-B09F-753472FEBBE3}"
EndProject
Project("{F184B08F-C81C-45F6-A57F-5ABD9991F28F}") = "PrjKonteiner", "PrjKonteiner\PrjKonteiner.vbproj", "{277EF4E5-1B21-4B1D-8121-649A0876B33C}"
EndProject
Global
	GlobalSection(SolutionConfigurationPlatforms) = preSolution
		Debug|Any CPU = Debug|Any CPU
		Release|Any CPU = Release|Any CPU
	EndGlobalSection
	GlobalSection(ProjectConfigurationPlatforms) = postSolution
		{002DFB7C-6E84-4DC4-B09F-753472FEBBE3}.Debug|Any CPU.ActiveCfg = Debug|Any CPU
		{002DFB7C-6E84-4DC4-B09F-753472FEBBE3}.Debug|Any CPU.Build.0 = Debug|Any CPU
		{002DFB7C-6E84-4DC4-B09F-753472FEBBE3}.Release|Any CPU.ActiveCfg = Release|Any CPU
		{002DFB7C-6E84-4DC4-B09F-753472FEBBE3}.Release|Any CPU.Build.0 = Release|Any CPU
		{277EF4E5-1B21-4B1D-8121-649A0876B33C}.Debug|Any CPU.ActiveCfg = Debug|Any CPU
		{277EF4E5-1B21-4B1D-8121-649A0876B33C}.Debug|Any CPU.Build.0 = Debug|Any CPU
		{277EF4E5-1B21-4B1D-8121-649A0876B33C}.Release|Any CPU.ActiveCfg = Release|Any CPU
		{277EF4E5-1B21-4B1D-8121-649A0876B33C}.Release|Any CPU.Build.0 = Release|Any CPU
	EndGlobalSection
	GlobalSection(SolutionProperties) = preSolution
		HideSolutionNode = FALSE
	EndGlobalSection
	GlobalSection(ExtensibilityGlobals) = postSolution
		SolutionGuid = {599829E5-EAD9-461E-949F-BE51F98BECEB}
	EndGlobalSection
EndGlobal
